{
  "lockfile_version": "1",
  "packages": {
    "ansible@2.17.5": {
      "last_modified": "2024-10-30T07:09:13Z",
      "resolved": "github:NixOS/nixpkgs/2d2a9ddbe3f2c00747398f3dc9b05f7f2ebb0f53#ansible",
      "source": "devbox-search",
      "version": "2.17.5",
      "systems": {
        "aarch64-darwin": {
          "outputs": [
            {
              "name": "out",
              "path": "/nix/store/3abi8vlk88h9apqd6hhq9iwa86d5cjhp-python3.12-ansible-core-2.17.5",
              "default": true
            },
            {
              "name": "dist",
              "path": "/nix/store/imi0lyij4qbjfa0s6gp97b0q3f5nzp8x-python3.12-ansible-core-2.17.5-dist"
            }
          ],
          "store_path": "/nix/store/3abi8vlk88h9apqd6hhq9iwa86d5cjhp-python3.12-ansible-core-2.17.5"
        },
        "aarch64-linux": {
          "outputs": [
            {
              "name": "out",
              "path": "/nix/store/cyd0s1pkgbssd6bnp5wvv39z7d1hbp82-python3.12-ansible-core-2.17.5",
              "default": true
            },
            {
              "name": "dist",
              "path": "/nix/store/66inik8hpkih4cy3dxw7y2kkcx0r6lvs-python3.12-ansible-core-2.17.5-dist"
            }
          ],
          "store_path": "/nix/store/cyd0s1pkgbssd6bnp5wvv39z7d1hbp82-python3.12-ansible-core-2.17.5"
        },
        "x86_64-darwin": {
          "outputs": [
            {
              "name": "out",
              "path": "/nix/store/2lc831659npc5y51px0hxlhgyl77r8a2-python3.12-ansible-core-2.17.5",
              "default": true
            },
            {
              "name": "dist",
              "path": "/nix/store/6li9qcrf6pmqfm55bhbwxiqzq5yyqjhl-python3.12-ansible-core-2.17.5-dist"
            }
          ],
          "store_path": "/nix/store/2lc831659npc5y51px0hxlhgyl77r8a2-python3.12-ansible-core-2.17.5"
        },
        "x86_64-linux": {
          "outputs": [
            {
              "name": "out",
              "path": "/nix/store/d2jz8w2zi8b2kwq505swm6d16i4xn9c5-python3.12-ansible-core-2.17.5",
              "default": true
            },
            {
              "name": "dist",
              "path": "/nix/store/bn5lqa6gc8g4269r88q1a363bcs90bmp-python3.12-ansible-core-2.17.5-dist"
            }
          ],
          "store_path": "/nix/store/d2jz8w2zi8b2kwq505swm6d16i4xn9c5-python3.12-ansible-core-2.17.5"
        }
      }
    },
    "libiconv@2.40": {
      "last_modified": "2024-10-13T23:44:06Z",
      "resolved": "github:NixOS/nixpkgs/d4f247e89f6e10120f911e2e2d2254a050d0f732#libiconv",
      "source": "devbox-search",
      "version": "2.40",
      "systems": {
        "aarch64-linux": {
          "outputs": [
            {
              "name": "out",
              "path": "/nix/store/ikk9d4x19cmsjwqljkjpagvcm6ir0wvz-glibc-iconv-2.40",
              "default": true
            }
          ],
          "store_path": "/nix/store/ikk9d4x19cmsjwqljkjpagvcm6ir0wvz-glibc-iconv-2.40"
        },
        "x86_64-linux": {
          "outputs": [
            {
              "name": "out",
              "path": "/nix/store/ikg7p1szpk43d4lfilgncr65cry6yx4s-glibc-iconv-2.40",
              "default": true
            }
          ],
          "store_path": "/nix/store/ikg7p1szpk43d4lfilgncr65cry6yx4s-glibc-iconv-2.40"
        }
      }
    },
    "openapi-generator-cli@7.9.0": {
      "last_modified": "2024-10-15T08:13:08Z",
      "resolved": "github:NixOS/nixpkgs/7881fbfd2e3ed1dfa315fca889b2cfd94be39337#openapi-generator-cli",
      "source": "devbox-search",
      "version": "7.9.0",
      "systems": {
        "aarch64-darwin": {
          "outputs": [
            {
              "name": "out",
              "path": "/nix/store/659hzf9ppq8c0xs4v23vdijl8j3x2snv-openapi-generator-cli-7.9.0",
              "default": true
            }
          ],
          "store_path": "/nix/store/659hzf9ppq8c0xs4v23vdijl8j3x2snv-openapi-generator-cli-7.9.0"
        },
        "aarch64-linux": {
          "outputs": [
            {
              "name": "out",
              "path": "/nix/store/wlmblwbpn867f7h806m052l662f1vx75-openapi-generator-cli-7.9.0",
              "default": true
            }
          ],
          "store_path": "/nix/store/wlmblwbpn867f7h806m052l662f1vx75-openapi-generator-cli-7.9.0"
        },
        "x86_64-darwin": {
          "outputs": [
            {
              "name": "out",
              "path": "/nix/store/6sv62bhl6his088nhmav5fvq7wz96d8z-openapi-generator-cli-7.9.0",
              "default": true
            }
          ],
          "store_path": "/nix/store/6sv62bhl6his088nhmav5fvq7wz96d8z-openapi-generator-cli-7.9.0"
        },
        "x86_64-linux": {
          "outputs": [
            {
              "name": "out",
              "path": "/nix/store/v38wk1ndqfnxinmcnss1akjgvychdkpn-openapi-generator-cli-7.9.0",
              "default": true
            }
          ],
          "store_path": "/nix/store/v38wk1ndqfnxinmcnss1akjgvychdkpn-openapi-generator-cli-7.9.0"
        }
      }
    },
    "rustup@1.27.1": {
      "last_modified": "2024-10-13T23:44:06Z",
      "plugin_version": "0.0.1",
      "resolved": "github:NixOS/nixpkgs/d4f247e89f6e10120f911e2e2d2254a050d0f732#rustup",
      "source": "devbox-search",
      "version": "1.27.1",
      "systems": {
        "aarch64-darwin": {
          "outputs": [
            {
              "name": "out",
              "path": "/nix/store/zq4q7alcs99k23maczjscvl2sy2f5q60-rustup-1.27.1",
              "default": true
            }
          ],
          "store_path": "/nix/store/zq4q7alcs99k23maczjscvl2sy2f5q60-rustup-1.27.1"
        },
        "aarch64-linux": {
          "outputs": [
            {
              "name": "out",
              "path": "/nix/store/mgwldrzb5c8550das7dd8hr06dzw1axd-rustup-1.27.1",
              "default": true
            }
          ],
          "store_path": "/nix/store/mgwldrzb5c8550das7dd8hr06dzw1axd-rustup-1.27.1"
        },
        "x86_64-darwin": {
          "outputs": [
            {
              "name": "out",
              "path": "/nix/store/br2yjkb2xh0aw1n886q392rr0w0317kn-rustup-1.27.1",
              "default": true
            }
          ],
          "store_path": "/nix/store/br2yjkb2xh0aw1n886q392rr0w0317kn-rustup-1.27.1"
        },
        "x86_64-linux": {
          "outputs": [
            {
              "name": "out",
              "path": "/nix/store/c70zqy4pgfw0nyviq7v9za13fzl6cqh1-rustup-1.27.1",
              "default": true
            }
          ],
          "store_path": "/nix/store/c70zqy4pgfw0nyviq7v9za13fzl6cqh1-rustup-1.27.1"
        }
      }
    }
  }
}
